
Microsoft Visual Studio Solution File, Format Version 12.00
# Visual Studio Version 17
VisualStudioVersion = 17.14.36518.9 d17.14
MinimumVisualStudioVersion = 10.0.40219.1
Project("{FAE04EC0-301F-11D3-BF4B-00C04F79EFBC}") = "CiorbaAlexandrJenifferlab7", "CiorbaAlexandrJenifferlab7\CiorbaAlexandrJenifferlab7.csproj", "{9E986367-2156-4932-B5D8-FBE346064556}"
EndProject
Global
	GlobalSection(SolutionConfigurationPlatforms) = preSolution
		Debug|Any CPU = Debug|Any CPU
		Release|Any CPU = Release|Any CPU
	EndGlobalSection
	GlobalSection(ProjectConfigurationPlatforms) = postSolution
		{9E986367-2156-4932-B5D8-FBE346064556}.Debug|Any CPU.ActiveCfg = Debug|Any CPU
		{9E986367-2156-4932-B5D8-FBE346064556}.Debug|Any CPU.Build.0 = Debug|Any CPU
		{9E986367-2156-4932-B5D8-FBE346064556}.Debug|Any CPU.Deploy.0 = Debug|Any CPU
		{9E986367-2156-4932-B5D8-FBE346064556}.Release|Any CPU.ActiveCfg = Release|Any CPU
		{9E986367-2156-4932-B5D8-FBE346064556}.Release|Any CPU.Build.0 = Release|Any CPU
		{9E986367-2156-4932-B5D8-FBE346064556}.Release|Any CPU.Deploy.0 = Release|Any CPU
	EndGlobalSection
	GlobalSection(SolutionProperties) = preSolution
		HideSolutionNode = FALSE
	EndGlobalSection
	GlobalSection(ExtensibilityGlobals) = postSolution
		SolutionGuid = {DF999CB6-9B97-4D74-BF8F-250B91C8F715}
	EndGlobalSection
EndGlobal
